PODS:
  - DataTableKit (0.5.0)
  - FBSnapshotTestCase (2.1.4):
    - FBSnapshotTestCase/SwiftSupport (= 2.1.4)
  - FBSnapshotTestCase/Core (2.1.4)
  - FBSnapshotTestCase/SwiftSupport (2.1.4):
    - FBSnapshotTestCase/Core
  - Nimble (6.0.1)
  - Nimble-Snapshots (4.4.0):
    - Nimble-Snapshots/Core (= 4.4.0)
  - Nimble-Snapshots/Core (4.4.0):
    - FBSnapshotTestCase (~> 2.0)
    - Nimble
    - Quick
  - Quick (1.1.0)

DEPENDENCIES:
  - DataTableKit (from `../`)
  - FBSnapshotTestCase
  - Nimble-Snapshots

EXTERNAL SOURCES:
  DataTableKit:
    :path: ../

SPEC CHECKSUMS:
  DataTableKit: 3cbf32006ea7fb30b3db84f6ce851162d1345467
  FBSnapshotTestCase: 094f9f314decbabe373b87cc339bea235a63e07a
  Nimble: 1527fd1bd2b4cf0636251a36bc8ab37e81da8347
  Nimble-Snapshots: e743439f26c2fa99d8f7e0d7c01c99bcb40aa6f2
  Quick: dafc587e21eed9f4cab3249b9f9015b0b7a7f71d

PODFILE CHECKSUM: b68a09394a7b0738dcab4d567dbcd2494e9af095

COCOAPODS: 1.2.0.rc.1
